{
  "object": {
    "pins": [
      {
        "package": "SwiftTerm",
        "repositoryURL": "https://github.com/sullivan-sean/SwiftTerm",
        "state": {
          "branch": "local-process-channels",
          "revision": "be64528f5c633dec34912c61602c9800c202a314",
          "version": null
        }
      }
    ]
  },
  "version": 1
}
