{
  "object": {
    "pins": [
      {
        "package": "SwiftTerm",
        "repositoryURL": "https://github.com/sullivan-sean/SwiftTerm.git",
        "state": {
          "branch": "krzyzanowskim/marcin/serial-send",
          "revision": "3852f3f8594d97c42e304c5a05c0fb20400bc46c",
          "version": null
        }
      }
    ]
  },
  "version": 1
}
